
Microsoft Visual Studio Solution File, Format Version 12.00
# Visual Studio Version 17
VisualStudioVersion = 17.14.36603.0 d17.14
MinimumVisualStudioVersion = 10.0.40219.1
Project("{FAE04EC0-301F-11D3-BF4B-00C04F79EFBC}") = "TestAPI", "TestAPI\TestAPI.csproj", "{6B804388-7D75-4E72-8967-8D0E94A3632A}"
EndProject
Global
	GlobalSection(SolutionConfigurationPlatforms) = preSolution
		Debug|Any CPU = Debug|Any CPU
		Release|Any CPU = Release|Any CPU
	EndGlobalSection
	GlobalSection(ProjectConfigurationPlatforms) = postSolution
		{6B804388-7D75-4E72-8967-8D0E94A3632A}.Debug|Any CPU.ActiveCfg = Debug|Any CPU
		{6B804388-7D75-4E72-8967-8D0E94A3632A}.Debug|Any CPU.Build.0 = Debug|Any CPU
		{6B804388-7D75-4E72-8967-8D0E94A3632A}.Release|Any CPU.ActiveCfg = Release|Any CPU
		{6B804388-7D75-4E72-8967-8D0E94A3632A}.Release|Any CPU.Build.0 = Release|Any CPU
	EndGlobalSection
	GlobalSection(SolutionProperties) = preSolution
		HideSolutionNode = FALSE
	EndGlobalSection
	GlobalSection(ExtensibilityGlobals) = postSolution
		SolutionGuid = {FE3852F8-E42B-47AA-8B4A-741C14E76015}
	EndGlobalSection
EndGlobal
